# Generated by pub
# See https://dart.dev/tools/pub/glossary#lockfile
packages:
  _fe_analyzer_shared:
    dependency: transitive
    description:
      name: _fe_analyzer_shared
      url: "https://pub.dartlang.org"
    source: hosted
    version: "5.0.0"
  analyzer:
    dependency: transitive
    description:
      name: analyzer
      url: "https://pub.dartlang.org"
    source: hosted
    version: "0.39.13"
  args:
    dependency: "direct main"
    description:
      name: args
      url: "https://pub.dartlang.org"
    source: hosted
    version: "1.6.0"
  async:
    dependency: "direct overridden"
    description:
      path: "."
      ref: null_safety
      resolved-ref: e4a8999dd4e396b373f43a49c5aad0baed229180
      url: "git://github.com/dart-lang/async.git"
    source: git
    version: "2.5.0-nullsafety"
  boolean_selector:
    dependency: "direct overridden"
    description:
      path: "."
      ref: null_safety
      resolved-ref: e919dda69caee48b7e51b78e117f53e8c4f333a1
      url: "git://github.com/dart-lang/boolean_selector.git"
    source: git
    version: "2.1.0-nullsafety"
  charcode:
    dependency: "direct overridden"
    description:
      path: "."
      ref: null_safety
      resolved-ref: b659bab5449b3ae811103e1f299f9845421c51ee
      url: "git://github.com/dart-lang/charcode.git"
    source: git
    version: "1.2.0-nullsafety"
  cli_util:
    dependency: "direct main"
    description:
      name: cli_util
      url: "https://pub.dartlang.org"
    source: hosted
    version: "0.2.0"
  collection:
    dependency: transitive
    description:
      name: collection
      url: "https://pub.dartlang.org"
    source: hosted
    version: "1.15.0-nullsafety.1"
  colorize:
    dependency: "direct main"
    description:
      name: colorize
      url: "https://pub.dartlang.org"
    source: hosted
    version: "2.0.0"
  convert:
    dependency: transitive
    description:
      name: convert
      url: "https://pub.dartlang.org"
    source: hosted
    version: "2.1.1"
  coverage:
    dependency: "direct dev"
    description:
      name: coverage
      url: "https://pub.dartlang.org"
    source: hosted
    version: "0.14.0"
  crypto:
    dependency: transitive
    description:
      name: crypto
      url: "https://pub.dartlang.org"
    source: hosted
    version: "2.1.5"
  csslib:
    dependency: transitive
    description:
      name: csslib
      url: "https://pub.dartlang.org"
    source: hosted
    version: "0.16.1"
  file:
    dependency: "direct dev"
    description:
      name: file
      url: "https://pub.dartlang.org"
    source: hosted
    version: "5.2.1"
  glob:
    dependency: transitive
    description:
      name: glob
      url: "https://pub.dartlang.org"
    source: hosted
    version: "1.2.0"
  html:
    dependency: transitive
    description:
      name: html
      url: "https://pub.dartlang.org"
    source: hosted
    version: "0.14.0+3"
  http:
    dependency: "direct main"
    description:
      name: http
      url: "https://pub.dartlang.org"
    source: hosted
    version: "0.12.2"
  http_multi_server:
    dependency: transitive
    description:
      name: http_multi_server
      url: "https://pub.dartlang.org"
    source: hosted
    version: "2.2.0"
  http_parser:
    dependency: "direct overridden"
    description:
      path: "."
      ref: null_safety
      resolved-ref: "6e63a97b5aaa2b4d1215fe01683e51fb73258e54"
      url: "git://github.com/dart-lang/http_parser.git"
    source: git
    version: "3.1.4"
  intl:
    dependency: transitive
    description:
      name: intl
      url: "https://pub.dartlang.org"
    source: hosted
    version: "0.16.1"
  io:
    dependency: transitive
    description:
      name: io
      url: "https://pub.dartlang.org"
    source: hosted
    version: "0.3.4"
  js:
    dependency: "direct overridden"
    description:
      path: "pkg/js"
      ref: HEAD
      resolved-ref: bbe6bb9823495574917c75634b1f8a2a8099086c
      url: "git://github.com/dart-lang/sdk.git"
    source: git
    version: "0.6.3-nullsafety"
  logging:
    dependency: transitive
    description:
      name: logging
      url: "https://pub.dartlang.org"
    source: hosted
    version: "0.11.4"
  matcher:
    dependency: "direct overridden"
    description:
      path: "."
      ref: null_safety
      resolved-ref: e7b2579d682f0c99dcdae5df765ce560708cd0f7
      url: "git://github.com/dart-lang/matcher.git"
    source: git
    version: "0.12.10-nullsafety"
  meta:
    dependency: "direct main"
    description:
      path: "pkg/meta"
      ref: null_safety-pkgs
      resolved-ref: "4a28d9532d4b34a1297e400a807826a8e956d2db"
      url: "git://github.com/dart-lang/sdk.git"
    source: git
    version: "1.2.0-nnbd"
  mime:
    dependency: transitive
    description:
      name: mime
      url: "https://pub.dartlang.org"
    source: hosted
    version: "0.9.6+3"
  mockito:
    dependency: "direct dev"
    description:
      name: mockito
      url: "https://pub.dartlang.org"
    source: hosted
    version: "4.1.1"
  node_interop:
    dependency: transitive
    description:
      name: node_interop
      url: "https://pub.dartlang.org"
    source: hosted
    version: "1.1.1"
  node_io:
    dependency: transitive
    description:
      name: node_io
      url: "https://pub.dartlang.org"
    source: hosted
    version: "1.1.1"
  node_preamble:
    dependency: transitive
    description:
      name: node_preamble
      url: "https://pub.dartlang.org"
    source: hosted
    version: "1.4.12"
  package_config:
    dependency: transitive
    description:
      name: package_config
      url: "https://pub.dartlang.org"
    source: hosted
    version: "1.9.3"
  path:
    dependency: "direct main"
    description:
      path: "."
      ref: null_safety
      resolved-ref: "8f47413043ffe90cd8c73fc507418fd1f413a11c"
      url: "git://github.com/dart-lang/path.git"
    source: git
    version: "1.8.0-nullsafety"
  pedantic:
    dependency: "direct overridden"
    description:
      path: "."
      ref: null_safety
      resolved-ref: "3871264e7557219edec650ad3947dd5a61d409a7"
      url: "git://github.com/dart-lang/pedantic.git"
    source: git
    version: "1.10.0-nnbd"
  pool:
    dependency: "direct overridden"
    description:
      path: "."
      ref: null_safety
      resolved-ref: d29005566b6a4e0a66924aca3d681e9665ce1b61
      url: "git://github.com/dart-lang/pool.git"
    source: git
    version: "1.5.0-nullsafety"
  process_run:
    dependency: "direct main"
    description:
      name: process_run
      url: "https://pub.dartlang.org"
    source: hosted
    version: "0.10.10+2"
  pub_semver:
    dependency: transitive
    description:
      name: pub_semver
      url: "https://pub.dartlang.org"
    source: hosted
    version: "1.4.4"
  shelf:
    dependency: transitive
    description:
      name: shelf
      url: "https://pub.dartlang.org"
    source: hosted
    version: "0.7.7"
  shelf_packages_handler:
    dependency: transitive
    description:
      name: shelf_packages_handler
      url: "https://pub.dartlang.org"
    source: hosted
    version: "2.0.0"
  shelf_static:
    dependency: transitive
    description:
      name: shelf_static
      url: "https://pub.dartlang.org"
    source: hosted
    version: "0.2.8"
  shelf_web_socket:
    dependency: transitive
    description:
      name: shelf_web_socket
      url: "https://pub.dartlang.org"
    source: hosted
    version: "0.2.3"
  source_map_stack_trace:
    dependency: "direct overridden"
    description:
      path: "."
      ref: null_safety
      resolved-ref: a89ca07ea4314c028b7801243e93b438267ff56d
      url: "git://github.com/dart-lang/source_map_stack_trace.git"
    source: git
    version: "2.1.0-nullsafety"
  source_maps:
    dependency: "direct overridden"
    description:
      path: "."
      ref: null_safety
      resolved-ref: "8e7e4de99b83d99459026acd15659bdc7814adb2"
      url: "git://github.com/dart-lang/source_maps.git"
    source: git
    version: "0.11.0-nullsafety"
  source_span:
    dependency: "direct overridden"
    description:
      path: "."
      ref: null_safety
      resolved-ref: ad5e83080b22ad52f1f7c2f2b488284429437873
      url: "git://github.com/dart-lang/source_span.git"
    source: git
    version: "1.8.0-nullsafety"
  stack_trace:
    dependency: "direct overridden"
    description:
      path: "."
      ref: null_safety
      resolved-ref: b1eed6548809ca112a8d0118928c23d861ec4dbe
      url: "git://github.com/dart-lang/stack_trace.git"
    source: git
    version: "1.10.0-nullsafety"
  stream_channel:
    dependency: "direct overridden"
    description:
      path: "."
      ref: null_safety
      resolved-ref: "3f23b6b90987ce3b82e396ba24db85e3fe2d6a97"
      url: "git://github.com/dart-lang/stream_channel.git"
    source: git
    version: "2.1.0-nullsafety"
  string_scanner:
    dependency: "direct overridden"
    description:
      path: "."
      ref: null_safety
      resolved-ref: "510ba62a998687ffaac5fe175d5f52821b15d2cc"
      url: "git://github.com/dart-lang/string_scanner.git"
    source: git
    version: "1.1.0-nullsafety"
  term_glyph:
    dependency: "direct overridden"
    description:
      path: "."
      ref: null_safety
      resolved-ref: "1be6ddacf773ab39b242790e83a15abe3fc98e50"
      url: "git://github.com/dart-lang/term_glyph.git"
    source: git
    version: "1.2.0-nullsafety"
  test:
    dependency: "direct dev"
    description:
      path: "pkgs/test"
      ref: null_safety
      resolved-ref: fb58706fc867f06106915081eecd93877213fb60
      url: "git://github.com/dart-lang/test.git"
    source: git
    version: "1.16.0-nullsafety"
  test_api:
    dependency: "direct overridden"
    description:
      path: "pkgs/test_api"
      ref: null_safety
      resolved-ref: fb58706fc867f06106915081eecd93877213fb60
      url: "git://github.com/dart-lang/test.git"
    source: git
    version: "0.2.19-nullsafety"
  test_core:
    dependency: "direct overridden"
    description:
      path: "pkgs/test_core"
      ref: null_safety
      resolved-ref: fb58706fc867f06106915081eecd93877213fb60
      url: "git://github.com/dart-lang/test.git"
    source: git
    version: "0.3.12-nullsafety"
  typed_data:
    dependency: transitive
    description:
      name: typed_data
      url: "https://pub.dartlang.org"
    source: hosted
    version: "1.3.0-nullsafety.1"
  vm_service:
    dependency: transitive
    description:
      name: vm_service
      url: "https://pub.dartlang.org"
    source: hosted
    version: "4.1.0"
  watcher:
    dependency: transitive
    description:
      name: watcher
      url: "https://pub.dartlang.org"
    source: hosted
    version: "0.9.7+15"
  web_socket_channel:
    dependency: transitive
    description:
      name: web_socket_channel
      url: "https://pub.dartlang.org"
    source: hosted
    version: "1.1.0"
  webkit_inspection_protocol:
    dependency: transitive
    description:
      name: webkit_inspection_protocol
      url: "https://pub.dartlang.org"
    source: hosted
    version: "0.7.3"
  yaml:
    dependency: "direct main"
    description:
      name: yaml
      url: "https://pub.dartlang.org"
    source: hosted
    version: "2.2.1"
sdks:
  dart: ">=2.9.0-20.0 <=2.9.10"
